
Microsoft Visual Studio Solution File, Format Version 12.00
# Visual Studio Version 17
VisualStudioVersion = 17.4.33205.214
MinimumVisualStudioVersion = 10.0.40219.1
Project("{9A19103F-16F7-4668-BE54-9A1E7A4F7556}") = "OpalaBlazor.Api", "OpalaBlazor.Api\OpalaBlazor.Api.csproj", "{5B436F9A-B983-4C70-A792-39AB12D91844}"
EndProject
Project("{9A19103F-16F7-4668-BE54-9A1E7A4F7556}") = "OpalaBlazor.Models", "OpalaBlazor.Dtos\OpalaBlazor.Models.csproj", "{A9615BA4-7998-48B1-918A-6620A217F78A}"
EndProject
Project("{9A19103F-16F7-4668-BE54-9A1E7A4F7556}") = "OpalaBlazor.Server", "OpalaBlazor.Server\OpalaBlazor.Server.csproj", "{BD083F8B-58EB-407E-B099-0DA1E2B2EDDD}"
EndProject
Project("{FAE04EC0-301F-11D3-BF4B-00C04F79EFBC}") = "Opala.React", "Opala.React\Opala.React.csproj", "{FEAE0CD7-FE58-42CF-94C6-72C3E6403E59}"
EndProject
Global
	GlobalSection(SolutionConfigurationPlatforms) = preSolution
		Debug|Any CPU = Debug|Any CPU
		Release|Any CPU = Release|Any CPU
	EndGlobalSection
	GlobalSection(ProjectConfigurationPlatforms) = postSolution
		{5B436F9A-B983-4C70-A792-39AB12D91844}.Debug|Any CPU.ActiveCfg = Debug|Any CPU
		{5B436F9A-B983-4C70-A792-39AB12D91844}.Debug|Any CPU.Build.0 = Debug|Any CPU
		{5B436F9A-B983-4C70-A792-39AB12D91844}.Release|Any CPU.ActiveCfg = Release|Any CPU
		{5B436F9A-B983-4C70-A792-39AB12D91844}.Release|Any CPU.Build.0 = Release|Any CPU
		{A9615BA4-7998-48B1-918A-6620A217F78A}.Debug|Any CPU.ActiveCfg = Debug|Any CPU
		{A9615BA4-7998-48B1-918A-6620A217F78A}.Debug|Any CPU.Build.0 = Debug|Any CPU
		{A9615BA4-7998-48B1-918A-6620A217F78A}.Release|Any CPU.ActiveCfg = Release|Any CPU
		{A9615BA4-7998-48B1-918A-6620A217F78A}.Release|Any CPU.Build.0 = Release|Any CPU
		{BD083F8B-58EB-407E-B099-0DA1E2B2EDDD}.Debug|Any CPU.ActiveCfg = Debug|Any CPU
		{BD083F8B-58EB-407E-B099-0DA1E2B2EDDD}.Debug|Any CPU.Build.0 = Debug|Any CPU
		{BD083F8B-58EB-407E-B099-0DA1E2B2EDDD}.Release|Any CPU.ActiveCfg = Release|Any CPU
		{BD083F8B-58EB-407E-B099-0DA1E2B2EDDD}.Release|Any CPU.Build.0 = Release|Any CPU
		{FEAE0CD7-FE58-42CF-94C6-72C3E6403E59}.Debug|Any CPU.ActiveCfg = Debug|Any CPU
		{FEAE0CD7-FE58-42CF-94C6-72C3E6403E59}.Debug|Any CPU.Build.0 = Debug|Any CPU
		{FEAE0CD7-FE58-42CF-94C6-72C3E6403E59}.Release|Any CPU.ActiveCfg = Release|Any CPU
		{FEAE0CD7-FE58-42CF-94C6-72C3E6403E59}.Release|Any CPU.Build.0 = Release|Any CPU
	EndGlobalSection
	GlobalSection(SolutionProperties) = preSolution
		HideSolutionNode = FALSE
	EndGlobalSection
	GlobalSection(ExtensibilityGlobals) = postSolution
		SolutionGuid = {ED19BF59-5822-432A-9758-1C7DA6FE46BD}
	EndGlobalSection
EndGlobal
